// !$*UTF8*$!
{
	archiveVersion = 1;
	classes = {
	};
	objectVersion = 46;
	objects = {

/* Begin PBXBuildFile section */
		C70257E118B164C7006B9F31 /* Foundation.framework in Frameworks */ = {isa = PBXBuildFile; fileRef = C70257E018B164C7006B9F31 /* Foundation.framework */; };
		C70257E318B164C7006B9F31 /* CoreGraphics.framework in Frameworks */ = {isa = PBXBuildFile; fileRef = C70257E218B164C7006B9F31 /* CoreGraphics.framework */; };
		C70257E518B164C7006B9F31 /* UIKit.framework in Frameworks */ = {isa = PBXBuildFile; fileRef = C70257E418B164C7006B9F31 /* UIKit.framework */; };
		C70257EB18B164C7006B9F31 /* InfoPlist.strings in Resources */ = {isa = PBXBuildFile; fileRef = C70257E918B164C7006B9F31 /* InfoPlist.strings */; };
		C70257ED18B164C7006B9F31 /* main.m in Sources */ = {isa = PBXBuildFile; fileRef = C70257EC18B164C7006B9F31 /* main.m */; };
		C70257F118B164C7006B9F31 /* AppDelegate.m in Sources */ = {isa = PBXBuildFile; fileRef = C70257F018B164C7006B9F31 /* AppDelegate.m */; };
		C70257F418B164C7006B9F31 /* Main.storyboard in Resources */ = {isa = PBXBuildFile; fileRef = C70257F218B164C7006B9F31 /* Main.storyboard */; };
		C70257F718B164C7006B9F31 /* ViewController.m in Sources */ = {isa = PBXBuildFile; fileRef = C70257F618B164C7006B9F31 /* ViewController.m */; };
		C70257F918B164C7006B9F31 /* Images.xcassets in Resources */ = {isa = PBXBuildFile; fileRef = C70257F818B164C7006B9F31 /* Images.xcassets */; };
		C702580018B164C7006B9F31 /* XCTest.framework in Frameworks */ = {isa = PBXBuildFile; fileRef = C70257FF18B164C7006B9F31 /* XCTest.framework */; };
		C702580118B164C7006B9F31 /* Foundation.framework in Frameworks */ = {isa = PBXBuildFile; fileRef = C70257E018B164C7006B9F31 /* Foundation.framework */; };
		C702580218B164C7006B9F31 /* UIKit.framework in Frameworks */ = {isa = PBXBuildFile; fileRef = C70257E418B164C7006B9F31 /* UIKit.framework */; };
		C702580A18B164C7006B9F31 /* InfoPlist.strings in Resources */ = {isa = PBXBuildFile; fileRef = C702580818B164C7006B9F31 /* InfoPlist.strings */; };
		C702580C18B164C7006B9F31 /* EjemploTableViewTests.m in Sources */ = {isa = PBXBuildFile; fileRef = C702580B18B164C7006B9F31 /* EjemploTableViewTests.m */; };
		C702581718B164EF006B9F31 /* EjemploListadoViewController.m in Sources */ = {isa = PBXBuildFile; fileRef = C702581618B164EF006B9F31 /* EjemploListadoViewController.m */; };
/* End PBXBuildFile section */

/* Begin PBXContainerItemProxy section */
		C702580318B164C7006B9F31 /* PBXContainerItemProxy */ = {
			isa = PBXContainerItemProxy;
			containerPortal = C70257D518B164C7006B9F31 /* Project object */;
			proxyType = 1;
			remoteGlobalIDString = C70257DC18B164C7006B9F31;
			remoteInfo = EjemploTableView;
		};
/* End PBXContainerItemProxy section */

/* Begin PBXFileReference section */
		C70257DD18B164C7006B9F31 /* EjemploTableView.app */ = {isa = PBXFileReference; explicitFileType = wrapper.application; includeInIndex = 0; path = EjemploTableView.app; sourceTree = BUILT_PRODUCTS_DIR; };
		C70257E018B164C7006B9F31 /* Foundation.framework */ = {isa = PBXFileReference; lastKnownFileType = wrapper.framework; name = Foundation.framework; path = System/Library/Frameworks/Foundation.framework; sourceTree = SDKROOT; };
		C70257E218B164C7006B9F31 /* CoreGraphics.framework */ = {isa = PBXFileReference; lastKnownFileType = wrapper.framework; name = CoreGraphics.framework; path = System/Library/Frameworks/CoreGraphics.framework; sourceTree = SDKROOT; };
		C70257E418B164C7006B9F31 /* UIKit.framework */ = {isa = PBXFileReference; lastKnownFileType = wrapper.framework; name = UIKit.framework; path = System/Library/Frameworks/UIKit.framework; sourceTree = SDKROOT; };
		C70257E818B164C7006B9F31 /* EjemploTableView-Info.plist */ = {isa = PBXFileReference; lastKnownFileType = text.plist.xml; path = "EjemploTableView-Info.plist"; sourceTree = "<group>"; };
		C70257EA18B164C7006B9F31 /* en */ = {isa = PBXFileReference; lastKnownFileType = text.plist.strings; name = en; path = en.lproj/InfoPlist.strings; sourceTree = "<group>"; };
		C70257EC18B164C7006B9F31 /* main.m */ = {isa = PBXFileReference; lastKnownFileType = sourcecode.c.objc; path = main.m; sourceTree = "<group>"; };
		C70257EE18B164C7006B9F31 /* EjemploTableView-Prefix.pch */ = {isa = PBXFileReference; lastKnownFileType = sourcecode.c.h; path = "EjemploTableView-Prefix.pch"; sourceTree = "<group>"; };
		C70257EF18B164C7006B9F31 /* AppDelegate.h */ = {isa = PBXFileReference; lastKnownFileType = sourcecode.c.h; path = AppDelegate.h; sourceTree = "<group>"; };
		C70257F018B164C7006B9F31 /* AppDelegate.m */ = {isa = PBXFileReference; lastKnownFileType = sourcecode.c.objc; path = AppDelegate.m; sourceTree = "<group>"; };
		C70257F318B164C7006B9F31 /* Base */ = {isa = PBXFileReference; lastKnownFileType = file.storyboard; name = Base; path = Base.lproj/Main.storyboard; sourceTree = "<group>"; };
		C70257F518B164C7006B9F31 /* ViewController.h */ = {isa = PBXFileReference; lastKnownFileType = sourcecode.c.h; path = ViewController.h; sourceTree = "<group>"; };
		C70257F618B164C7006B9F31 /* ViewController.m */ = {isa = PBXFileReference; lastKnownFileType = sourcecode.c.objc; path = ViewController.m; sourceTree = "<group>"; };
		C70257F818B164C7006B9F31 /* Images.xcassets */ = {isa = PBXFileReference; lastKnownFileType = folder.assetcatalog; path = Images.xcassets; sourceTree = "<group>"; };
		C70257FE18B164C7006B9F31 /* EjemploTableViewTests.xctest */ = {isa = PBXFileReference; explicitFileType = wrapper.cfbundle; includeInIndex = 0; path = EjemploTableViewTests.xctest; sourceTree = BUILT_PRODUCTS_DIR; };
		C70257FF18B164C7006B9F31 /* XCTest.framework */ = {isa = PBXFileReference; lastKnownFileType = wrapper.framework; name = XCTest.framework; path = Library/Frameworks/XCTest.framework; sourceTree = DEVELOPER_DIR; };
		C702580718B164C7006B9F31 /* EjemploTableViewTests-Info.plist */ = {isa = PBXFileReference; lastKnownFileType = text.plist.xml; path = "EjemploTableViewTests-Info.plist"; sourceTree = "<group>"; };
		C702580918B164C7006B9F31 /* en */ = {isa = PBXFileReference; lastKnownFileType = text.plist.strings; name = en; path = en.lproj/InfoPlist.strings; sourceTree = "<group>"; };
		C702580B18B164C7006B9F31 /* EjemploTableViewTests.m */ = {isa = PBXFileReference; lastKnownFileType = sourcecode.c.objc; path = EjemploTableViewTests.m; sourceTree = "<group>"; };
		C702581518B164EF006B9F31 /* EjemploListadoViewController.h */ = {isa = PBXFileReference; fileEncoding = 4; lastKnownFileType = sourcecode.c.h; path = EjemploListadoViewController.h; sourceTree = "<group>"; };
		C702581618B164EF006B9F31 /* EjemploListadoViewController.m */ = {isa = PBXFileReference; fileEncoding = 4; lastKnownFileType = sourcecode.c.objc; path = EjemploListadoViewController.m; sourceTree = "<group>"; };
/* End PBXFileReference section */

/* Begin PBXFrameworksBuildPhase section */
		C70257DA18B164C7006B9F31 /* Frameworks */ = {
			isa = PBXFrameworksBuildPhase;
			buildActionMask = 2147483647;
			files = (
				C70257E318B164C7006B9F31 /* CoreGraphics.framework in Frameworks */,
				C70257E518B164C7006B9F31 /* UIKit.framework in Frameworks */,
				C70257E118B164C7006B9F31 /* Foundation.framework in Frameworks */,
			);
			runOnlyForDeploymentPostprocessing = 0;
		};
		C70257FB18B164C7006B9F31 /* Frameworks */ = {
			isa = PBXFrameworksBuildPhase;
			buildActionMask = 2147483647;
			files = (
				C702580018B164C7006B9F31 /* XCTest.framework in Frameworks */,
				C702580218B164C7006B9F31 /* UIKit.framework in Frameworks */,
				C702580118B164C7006B9F31 /* Foundation.framework in Frameworks */,
			);
			runOnlyForDeploymentPostprocessing = 0;
		};
/* End PBXFrameworksBuildPhase section */

/* Begin PBXGroup section */
		C70257D418B164C7006B9F31 = {
			isa = PBXGroup;
			children = (
				C70257E618B164C7006B9F31 /* EjemploTableView */,
				C702580518B164C7006B9F31 /* EjemploTableViewTests */,
				C70257DF18B164C7006B9F31 /* Frameworks */,
				C70257DE18B164C7006B9F31 /* Products */,
			);
			sourceTree = "<group>";
		};
		C70257DE18B164C7006B9F31 /* Products */ = {
			isa = PBXGroup;
			children = (
				C70257DD18B164C7006B9F31 /* EjemploTableView.app */,
				C70257FE18B164C7006B9F31 /* EjemploTableViewTests.xctest */,
			);
			name = Products;
			sourceTree = "<group>";
		};
		C70257DF18B164C7006B9F31 /* Frameworks */ = {
			isa = PBXGroup;
			children = (
				C70257E018B164C7006B9F31 /* Foundation.framework */,
				C70257E218B164C7006B9F31 /* CoreGraphics.framework */,
				C70257E418B164C7006B9F31 /* UIKit.framework */,
				C70257FF18B164C7006B9F31 /* XCTest.framework */,
			);
			name = Frameworks;
			sourceTree = "<group>";
		};
		C70257E618B164C7006B9F31 /* EjemploTableView */ = {
			isa = PBXGroup;
			children = (
				C70257EF18B164C7006B9F31 /* AppDelegate.h */,
				C70257F018B164C7006B9F31 /* AppDelegate.m */,
				C70257F218B164C7006B9F31 /* Main.storyboard */,
				C70257F518B164C7006B9F31 /* ViewController.h */,
				C70257F618B164C7006B9F31 /* ViewController.m */,
				C70257F818B164C7006B9F31 /* Images.xcassets */,
				C70257E718B164C7006B9F31 /* Supporting Files */,
				C702581818B16527006B9F31 /* EjemploListadoController */,
			);
			path = EjemploTableView;
			sourceTree = "<group>";
		};
		C70257E718B164C7006B9F31 /* Supporting Files */ = {
			isa = PBXGroup;
			children = (
				C70257E818B164C7006B9F31 /* EjemploTableView-Info.plist */,
				C70257E918B164C7006B9F31 /* InfoPlist.strings */,
				C70257EC18B164C7006B9F31 /* main.m */,
				C70257EE18B164C7006B9F31 /* EjemploTableView-Prefix.pch */,
			);
			name = "Supporting Files";
			sourceTree = "<group>";
		};
		C702580518B164C7006B9F31 /* EjemploTableViewTests */ = {
			isa = PBXGroup;
			children = (
				C702580B18B164C7006B9F31 /* EjemploTableViewTests.m */,
				C702580618B164C7006B9F31 /* Supporting Files */,
			);
			path = EjemploTableViewTests;
			sourceTree = "<group>";
		};
		C702580618B164C7006B9F31 /* Supporting Files */ = {
			isa = PBXGroup;
			children = (
				C702580718B164C7006B9F31 /* EjemploTableViewTests-Info.plist */,
				C702580818B164C7006B9F31 /* InfoPlist.strings */,
			);
			name = "Supporting Files";
			sourceTree = "<group>";
		};
		C702581818B16527006B9F31 /* EjemploListadoController */ = {
			isa = PBXGroup;
			children = (
				C702581618B164EF006B9F31 /* EjemploListadoViewController.m */,
				C702581518B164EF006B9F31 /* EjemploListadoViewController.h */,
			);
			name = EjemploListadoController;
			sourceTree = "<group>";
		};
/* End PBXGroup section */

/* Begin PBXNativeTarget section */
		C70257DC18B164C7006B9F31 /* EjemploTableView */ = {
			isa = PBXNativeTarget;
			buildConfigurationList = C702580F18B164C8006B9F31 /* Build configuration list for PBXNativeTarget "EjemploTableView" */;
			buildPhases = (
				C70257D918B164C7006B9F31 /* Sources */,
				C70257DA18B164C7006B9F31 /* Frameworks */,
				C70257DB18B164C7006B9F31 /* Resources */,
			);
			buildRules = (
			);
			dependencies = (
			);
			name = EjemploTableView;
			productName = EjemploTableView;
			productReference = C70257DD18B164C7006B9F31 /* EjemploTableView.app */;
			productType = "com.apple.product-type.application";
		};
		C70257FD18B164C7006B9F31 /* EjemploTableViewTests */ = {
			isa = PBXNativeTarget;
			buildConfigurationList = C702581218B164C8006B9F31 /* Build configuration list for PBXNativeTarget "EjemploTableViewTests" */;
			buildPhases = (
				C70257FA18B164C7006B9F31 /* Sources */,
				C70257FB18B164C7006B9F31 /* Frameworks */,
				C70257FC18B164C7006B9F31 /* Resources */,
			);
			buildRules = (
			);
			dependencies = (
				C702580418B164C7006B9F31 /* PBXTargetDependency */,
			);
			name = EjemploTableViewTests;
			productName = EjemploTableViewTests;
			productReference = C70257FE18B164C7006B9F31 /* EjemploTableViewTests.xctest */;
			productType = "com.apple.product-type.bundle.unit-test";
		};
/* End PBXNativeTarget section */

/* Begin PBXProject section */
		C70257D518B164C7006B9F31 /* Project object */ = {
			isa = PBXProject;
			attributes = {
				LastUpgradeCheck = 0500;
				ORGANIZATIONNAME = rogama;
				TargetAttributes = {
					C70257FD18B164C7006B9F31 = {
						TestTargetID = C70257DC18B164C7006B9F31;
					};
				};
			};
			buildConfigurationList = C70257D818B164C7006B9F31 /* Build configuration list for PBXProject "EjemploTableView" */;
			compatibilityVersion = "Xcode 3.2";
			developmentRegion = English;
			hasScannedForEncodings = 0;
			knownRegions = (
				en,
				Base,
			);
			mainGroup = C70257D418B164C7006B9F31;
			productRefGroup = C70257DE18B164C7006B9F31 /* Products */;
			projectDirPath = "";
			projectRoot = "";
			targets = (
				C70257DC18B164C7006B9F31 /* EjemploTableView */,
				C70257FD18B164C7006B9F31 /* EjemploTableViewTests */,
			);
		};
/* End PBXProject section */

/* Begin PBXResourcesBuildPhase section */
		C70257DB18B164C7006B9F31 /* Resources */ = {
			isa = PBXResourcesBuildPhase;
			buildActionMask = 2147483647;
			files = (
				C70257F918B164C7006B9F31 /* Images.xcassets in Resources */,
				C70257EB18B164C7006B9F31 /* InfoPlist.strings in Resources */,
				C70257F418B164C7006B9F31 /* Main.storyboard in Resources */,
			);
			runOnlyForDeploymentPostprocessing = 0;
		};
		C70257FC18B164C7006B9F31 /* Resources */ = {
			isa = PBXResourcesBuildPhase;
			buildActionMask = 2147483647;
			files = (
				C702580A18B164C7006B9F31 /* InfoPlist.strings in Resources */,
			);
			runOnlyForDeploymentPostprocessing = 0;
		};
/* End PBXResourcesBuildPhase section */

/* Begin PBXSourcesBuildPhase section */
		C70257D918B164C7006B9F31 /* Sources */ = {
			isa = PBXSourcesBuildPhase;
			buildActionMask = 2147483647;
			files = (
				C702581718B164EF006B9F31 /* EjemploListadoViewController.m in Sources */,
				C70257F718B164C7006B9F31 /* ViewController.m in Sources */,
				C70257F118B164C7006B9F31 /* AppDelegate.m in Sources */,
				C70257ED18B164C7006B9F31 /* main.m in Sources */,
			);
			runOnlyForDeploymentPostprocessing = 0;
		};
		C70257FA18B164C7006B9F31 /* Sources */ = {
			isa = PBXSourcesBuildPhase;
			buildActionMask = 2147483647;
			files = (
				C702580C18B164C7006B9F31 /* EjemploTableViewTests.m in Sources */,
			);
			runOnlyForDeploymentPostprocessing = 0;
		};
/* End PBXSourcesBuildPhase section */

/* Begin PBXTargetDependency section */
		C702580418B164C7006B9F31 /* PBXTargetDependency */ = {
			isa = PBXTargetDependency;
			target = C70257DC18B164C7006B9F31 /* EjemploTableView */;
			targetProxy = C702580318B164C7006B9F31 /* PBXContainerItemProxy */;
		};
/* End PBXTargetDependency section */

/* Begin PBXVariantGroup section */
		C70257E918B164C7006B9F31 /* InfoPlist.strings */ = {
			isa = PBXVariantGroup;
			children = (
				C70257EA18B164C7006B9F31 /* en */,
			);
			name = InfoPlist.strings;
			sourceTree = "<group>";
		};
		C70257F218B164C7006B9F31 /* Main.storyboard */ = {
			isa = PBXVariantGroup;
			children = (
				C70257F318B164C7006B9F31 /* Base */,
			);
			name = Main.storyboard;
			sourceTree = "<group>";
		};
		C702580818B164C7006B9F31 /* InfoPlist.strings */ = {
			isa = PBXVariantGroup;
			children = (
				C702580918B164C7006B9F31 /* en */,
			);
			name = InfoPlist.strings;
			sourceTree = "<group>";
		};
/* End PBXVariantGroup section */

/* Begin XCBuildConfiguration section */
		C702580D18B164C8006B9F31 /* Debug */ = {
			isa = XCBuildConfiguration;
			buildSettings = {
				ALWAYS_SEARCH_USER_PATHS = NO;
				ARCHS = "$(ARCHS_STANDARD_INCLUDING_64_BIT)";
				CLANG_CXX_LANGUAGE_STANDARD = "gnu++0x";
				CLANG_CXX_LIBRARY = "libc++";
				CLANG_ENABLE_MODULES = YES;
				CLANG_ENABLE_OBJC_ARC = YES;
				CLANG_WARN_BOOL_CONVERSION = YES;
				CLANG_WARN_CONSTANT_CONVERSION = YES;
				CLANG_WARN_DIRECT_OBJC_ISA_USAGE = YES_ERROR;
				CLANG_WARN_EMPTY_BODY = YES;
				CLANG_WARN_ENUM_CONVERSION = YES;
				CLANG_WARN_INT_CONVERSION = YES;
				CLANG_WARN_OBJC_ROOT_CLASS = YES_ERROR;
				CLANG_WARN__DUPLICATE_METHOD_MATCH = YES;
				"CODE_SIGN_IDENTITY[sdk=iphoneos*]" = "iPhone Developer";
				COPY_PHASE_STRIP = NO;
				GCC_C_LANGUAGE_STANDARD = gnu99;
				GCC_DYNAMIC_NO_PIC = NO;
				GCC_OPTIMIZATION_LEVEL = 0;
				GCC_PREPROCESSOR_DEFINITIONS = (
					"DEBUG=1",
					"$(inherited)",
				);
				GCC_SYMBOLS_PRIVATE_EXTERN = NO;
				GCC_WARN_64_TO_32_BIT_CONVERSION = YES;
				GCC_WARN_ABOUT_RETURN_TYPE = YES_ERROR;
				GCC_WARN_UNDECLARED_SELECTOR = YES;
				GCC_WARN_UNINITIALIZED_AUTOS = YES;
				GCC_WARN_UNUSED_FUNCTION = YES;
				GCC_WARN_UNUSED_VARIABLE = YES;
				IPHONEOS_DEPLOYMENT_TARGET = 7.0;
				ONLY_ACTIVE_ARCH = YES;
				SDKROOT = iphoneos;
			};
			name = Debug;
		};
		C702580E18B164C8006B9F31 /* Release */ = {
			isa = XCBuildConfiguration;
			buildSettings = {
				ALWAYS_SEARCH_USER_PATHS = NO;
				ARCHS = "$(ARCHS_STANDARD_INCLUDING_64_BIT)";
				CLANG_CXX_LANGUAGE_STANDARD = "gnu++0x";
				CLANG_CXX_LIBRARY = "libc++";
				CLANG_ENABLE_MODULES = YES;
				CLANG_ENABLE_OBJC_ARC = YES;
				CLANG_WARN_BOOL_CONVERSION = YES;
				CLANG_WARN_CONSTANT_CONVERSION = YES;
				CLANG_WARN_DIRECT_OBJC_ISA_USAGE = YES_ERROR;
				CLANG_WARN_EMPTY_BODY = YES;
				CLANG_WARN_ENUM_CONVERSION = YES;
				CLANG_WARN_INT_CONVERSION = YES;
				CLANG_WARN_OBJC_ROOT_CLASS = YES_ERROR;
				CLANG_WARN__DUPLICATE_METHOD_MATCH = YES;
				"CODE_SIGN_IDENTITY[sdk=iphoneos*]" = "iPhone Developer";
				COPY_PHASE_STRIP = YES;
				ENABLE_NS_ASSERTIONS = NO;
				GCC_C_LANGUAGE_STANDARD = gnu99;
				GCC_WARN_64_TO_32_BIT_CONVERSION = YES;
				GCC_WARN_ABOUT_RETURN_TYPE = YES_ERROR;
				GCC_WARN_UNDECLARED_SELECTOR = YES;
				GCC_WARN_UNINITIALIZED_AUTOS = YES;
				GCC_WARN_UNUSED_FUNCTION = YES;
				GCC_WARN_UNUSED_VARIABLE = YES;
				IPHONEOS_DEPLOYMENT_TARGET = 7.0;
				SDKROOT = iphoneos;
				VALIDATE_PRODUCT = YES;
			};
			name = Release;
		};
		C702581018B164C8006B9F31 /* Debug */ = {
			isa = XCBuildConfiguration;
			buildSettings = {
				ASSETCATALOG_COMPILER_APPICON_NAME = AppIcon;
				ASSETCATALOG_COMPILER_LAUNCHIMAGE_NAME = LaunchImage;
				GCC_PRECOMPILE_PREFIX_HEADER = YES;
				GCC_PREFIX_HEADER = "EjemploTableView/EjemploTableView-Prefix.pch";
				INFOPLIST_FILE = "EjemploTableView/EjemploTableView-Info.plist";
				PRODUCT_NAME = "$(TARGET_NAME)";
				WRAPPER_EXTENSION = app;
			};
			name = Debug;
		};
		C702581118B164C8006B9F31 /* Release */ = {
			isa = XCBuildConfiguration;
			buildSettings = {
				ASSETCATALOG_COMPILER_APPICON_NAME = AppIcon;
				ASSETCATALOG_COMPILER_LAUNCHIMAGE_NAME = LaunchImage;
				GCC_PRECOMPILE_PREFIX_HEADER = YES;
				GCC_PREFIX_HEADER = "EjemploTableView/EjemploTableView-Prefix.pch";
				INFOPLIST_FILE = "EjemploTableView/EjemploTableView-Info.plist";
				PRODUCT_NAME = "$(TARGET_NAME)";
				WRAPPER_EXTENSION = app;
			};
			name = Release;
		};
		C702581318B164C8006B9F31 /* Debug */ = {
			isa = XCBuildConfiguration;
			buildSettings = {
				ARCHS = "$(ARCHS_STANDARD_INCLUDING_64_BIT)";
				BUNDLE_LOADER = "$(BUILT_PRODUCTS_DIR)/EjemploTableView.app/EjemploTableView";
				FRAMEWORK_SEARCH_PATHS = (
					"$(SDKROOT)/Developer/Library/Frameworks",
					"$(inherited)",
					"$(DEVELOPER_FRAMEWORKS_DIR)",
				);
				GCC_PRECOMPILE_PREFIX_HEADER = YES;
				GCC_PREFIX_HEADER = "EjemploTableView/EjemploTableView-Prefix.pch";
				GCC_PREPROCESSOR_DEFINITIONS = (
					"DEBUG=1",
					"$(inherited)",
				);
				INFOPLIST_FILE = "EjemploTableViewTests/EjemploTableViewTests-Info.plist";
				PRODUCT_NAME = "$(TARGET_NAME)";
				TEST_HOST = "$(BUNDLE_LOADER)";
				WRAPPER_EXTENSION = xctest;
			};
			name = Debug;
		};
		C702581418B164C8006B9F31 /* Release */ = {
			isa = XCBuildConfiguration;
			buildSettings = {
				ARCHS = "$(ARCHS_STANDARD_INCLUDING_64_BIT)";
				BUNDLE_LOADER = "$(BUILT_PRODUCTS_DIR)/EjemploTableView.app/EjemploTableView";
				FRAMEWORK_SEARCH_PATHS = (
					"$(SDKROOT)/Developer/Library/Frameworks",
					"$(inherited)",
					"$(DEVELOPER_FRAMEWORKS_DIR)",
				);
				GCC_PRECOMPILE_PREFIX_HEADER = YES;
				GCC_PREFIX_HEADER = "EjemploTableView/EjemploTableView-Prefix.pch";
				INFOPLIST_FILE = "EjemploTableViewTests/EjemploTableViewTests-Info.plist";
				PRODUCT_NAME = "$(TARGET_NAME)";
				TEST_HOST = "$(BUNDLE_LOADER)";
				WRAPPER_EXTENSION = xctest;
			};
			name = Release;
		};
/* End XCBuildConfiguration section */

/* Begin XCConfigurationList section */
		C70257D818B164C7006B9F31 /* Build configuration list for PBXProject "EjemploTableView" */ = {
			isa = XCConfigurationList;
			buildConfigurations = (
				C702580D18B164C8006B9F31 /* Debug */,
				C702580E18B164C8006B9F31 /* Release */,
			);
			defaultConfigurationIsVisible = 0;
			defaultConfigurationName = Release;
		};
		C702580F18B164C8006B9F31 /* Build configuration list for PBXNativeTarget "EjemploTableView" */ = {
			isa = XCConfigurationList;
			buildConfigurations = (
				C702581018B164C8006B9F31 /* Debug */,
				C702581118B164C8006B9F31 /* Release */,
			);
			defaultConfigurationIsVisible = 0;
		};
		C702581218B164C8006B9F31 /* Build configuration list for PBXNativeTarget "EjemploTableViewTests" */ = {
			isa = XCConfigurationList;
			buildConfigurations = (
				C702581318B164C8006B9F31 /* Debug */,
				C702581418B164C8006B9F31 /* Release */,
			);
			defaultConfigurationIsVisible = 0;
		};
/* End XCConfigurationList section */
	};
	rootObject = C70257D518B164C7006B9F31 /* Project object */;
}
